
Microsoft Visual Studio Solution File, Format Version 12.00
# Visual Studio Version 17
VisualStudioVersion = 17.7.34031.279
MinimumVisualStudioVersion = 10.0.40219.1
Project("{FAE04EC0-301F-11D3-BF4B-00C04F79EFBC}") = "CAPSTONE_TEAM01_2024", "CAPSTONE_TEAM01_2024\CAPSTONE_TEAM01_2024.csproj", "{FEDBB7CC-7B96-4ADA-9719-DDC2DC0864BE}"
EndProject
Global
	GlobalSection(SolutionConfigurationPlatforms) = preSolution
		Debug|Any CPU = Debug|Any CPU
		Release|Any CPU = Release|Any CPU
	EndGlobalSection
	GlobalSection(ProjectConfigurationPlatforms) = postSolution
		{FEDBB7CC-7B96-4ADA-9719-DDC2DC0864BE}.Debug|Any CPU.ActiveCfg = Debug|Any CPU
		{FEDBB7CC-7B96-4ADA-9719-DDC2DC0864BE}.Debug|Any CPU.Build.0 = Debug|Any CPU
		{FEDBB7CC-7B96-4ADA-9719-DDC2DC0864BE}.Release|Any CPU.ActiveCfg = Release|Any CPU
		{FEDBB7CC-7B96-4ADA-9719-DDC2DC0864BE}.Release|Any CPU.Build.0 = Release|Any CPU
	EndGlobalSection
	GlobalSection(SolutionProperties) = preSolution
		HideSolutionNode = FALSE
	EndGlobalSection
	GlobalSection(ExtensibilityGlobals) = postSolution
		SolutionGuid = {6368E27A-95DC-4DDA-8764-A9CEAEE7CAF0}
	EndGlobalSection
EndGlobal
